
Microsoft Visual Studio Solution File, Format Version 12.00
# Visual Studio 2015
Project("{FAE04EC0-301F-11D3-BF4B-00C04F79EFBC}") = "Darkness", "Darkness.csproj", "{B80051D6-B43B-8943-5E1B-F3DC0CD8D67A}"
EndProject
Project("{FAE04EC0-301F-11D3-BF4B-00C04F79EFBC}") = "Darkness.Editor", "Darkness.Editor.csproj", "{575E47EA-D6E2-76BD-DCA8-4B14CB95A0EB}"
EndProject
Global
	GlobalSection(SolutionConfigurationPlatforms) = preSolution
		Debug|Any CPU = Debug|Any CPU
		Release|Any CPU = Release|Any CPU
	EndGlobalSection
	GlobalSection(ProjectConfigurationPlatforms) = postSolution
		{B80051D6-B43B-8943-5E1B-F3DC0CD8D67A}.Debug|Any CPU.ActiveCfg = Debug|Any CPU
		{B80051D6-B43B-8943-5E1B-F3DC0CD8D67A}.Debug|Any CPU.Build.0 = Debug|Any CPU
		{B80051D6-B43B-8943-5E1B-F3DC0CD8D67A}.Release|Any CPU.ActiveCfg = Release|Any CPU
		{B80051D6-B43B-8943-5E1B-F3DC0CD8D67A}.Release|Any CPU.Build.0 = Release|Any CPU
		{575E47EA-D6E2-76BD-DCA8-4B14CB95A0EB}.Debug|Any CPU.ActiveCfg = Debug|Any CPU
		{575E47EA-D6E2-76BD-DCA8-4B14CB95A0EB}.Debug|Any CPU.Build.0 = Debug|Any CPU
		{575E47EA-D6E2-76BD-DCA8-4B14CB95A0EB}.Release|Any CPU.ActiveCfg = Release|Any CPU
		{575E47EA-D6E2-76BD-DCA8-4B14CB95A0EB}.Release|Any CPU.Build.0 = Release|Any CPU
	EndGlobalSection
	GlobalSection(SolutionProperties) = preSolution
		HideSolutionNode = FALSE
	EndGlobalSection
EndGlobal
